// !$*UTF8*$!
{
	archiveVersion = 1;
	classes = {
	};
	objectVersion = 46;
	objects = {

/* Begin PBXBuildFile section */
		6CF9ADF3B4E53E9FD7DEDD73 /* libPods-MVVMTest.a in Frameworks */ = {isa = PBXBuildFile; fileRef = 199DE8E7D8EC32DD7341E727 /* libPods-MVVMTest.a */; };
		85C552B61DCDC88B00D7FF6C /* main.m in Sources */ = {isa = PBXBuildFile; fileRef = 85C552B51DCDC88B00D7FF6C /* main.m */; };
		85C552B91DCDC88B00D7FF6C /* SHAppDelegate.m in Sources */ = {isa = PBXBuildFile; fileRef = 85C552B81DCDC88B00D7FF6C /* SHAppDelegate.m */; };
		85C552C11DCDC88B00D7FF6C /* Assets.xcassets in Resources */ = {isa = PBXBuildFile; fileRef = 85C552C01DCDC88B00D7FF6C /* Assets.xcassets */; };
		85C552C41DCDC88B00D7FF6C /* LaunchScreen.storyboard in Resources */ = {isa = PBXBuildFile; fileRef = 85C552C21DCDC88B00D7FF6C /* LaunchScreen.storyboard */; };
		85C552CF1DCDC88B00D7FF6C /* MVVMTestTests.m in Sources */ = {isa = PBXBuildFile; fileRef = 85C552CE1DCDC88B00D7FF6C /* MVVMTestTests.m */; };
		85C552DA1DCDC88B00D7FF6C /* MVVMTestUITests.m in Sources */ = {isa = PBXBuildFile; fileRef = 85C552D91DCDC88B00D7FF6C /* MVVMTestUITests.m */; };
		85C552EA1DCDD8B000D7FF6C /* BaseVC.m in Sources */ = {isa = PBXBuildFile; fileRef = 85C552E91DCDD8B000D7FF6C /* BaseVC.m */; };
		85C552ED1DCDD8D300D7FF6C /* MainVC.m in Sources */ = {isa = PBXBuildFile; fileRef = 85C552EC1DCDD8D300D7FF6C /* MainVC.m */; };
		85DC0D101DCDE2BF0044EA0D /* MainViewCell.m in Sources */ = {isa = PBXBuildFile; fileRef = 85DC0D0F1DCDE2BF0044EA0D /* MainViewCell.m */; };
		85DC0D141DCDE82C0044EA0D /* MainCellModel.m in Sources */ = {isa = PBXBuildFile; fileRef = 85DC0D131DCDE82C0044EA0D /* MainCellModel.m */; };
		85DC0D5C1DD0140B0044EA0D /* MainTableViewDataSource.m in Sources */ = {isa = PBXBuildFile; fileRef = 85DC0D5B1DD0140B0044EA0D /* MainTableViewDataSource.m */; };
/* End PBXBuildFile section */

/* Begin PBXContainerItemProxy section */
		85C552CB1DCDC88B00D7FF6C /* PBXContainerItemProxy */ = {
			isa = PBXContainerItemProxy;
			containerPortal = 85C552A91DCDC88B00D7FF6C /* Project object */;
			proxyType = 1;
			remoteGlobalIDString = 85C552B01DCDC88B00D7FF6C;
			remoteInfo = MVVMTest;
		};
		85C552D61DCDC88B00D7FF6C /* PBXContainerItemProxy */ = {
			isa = PBXContainerItemProxy;
			containerPortal = 85C552A91DCDC88B00D7FF6C /* Project object */;
			proxyType = 1;
			remoteGlobalIDString = 85C552B01DCDC88B00D7FF6C;
			remoteInfo = MVVMTest;
		};
/* End PBXContainerItemProxy section */

/* Begin PBXFileReference section */
		199DE8E7D8EC32DD7341E727 /* libPods-MVVMTest.a */ = {isa = PBXFileReference; explicitFileType = archive.ar; includeInIndex = 0; path = "libPods-MVVMTest.a"; sourceTree = BUILT_PRODUCTS_DIR; };
		4D6C2AC7BD1768917682F767 /* Pods-MVVMTest.release.xcconfig */ = {isa = PBXFileReference; includeInIndex = 1; lastKnownFileType = text.xcconfig; name = "Pods-MVVMTest.release.xcconfig"; path = "Pods/Target Support Files/Pods-MVVMTest/Pods-MVVMTest.release.xcconfig"; sourceTree = "<group>"; };
		736249D855DFB87CE34710A2 /* Pods-MVVMTest.debug.xcconfig */ = {isa = PBXFileReference; includeInIndex = 1; lastKnownFileType = text.xcconfig; name = "Pods-MVVMTest.debug.xcconfig"; path = "Pods/Target Support Files/Pods-MVVMTest/Pods-MVVMTest.debug.xcconfig"; sourceTree = "<group>"; };
		85C552B11DCDC88B00D7FF6C /* MVVMTest.app */ = {isa = PBXFileReference; explicitFileType = wrapper.application; includeInIndex = 0; path = MVVMTest.app; sourceTree = BUILT_PRODUCTS_DIR; };
		85C552B51DCDC88B00D7FF6C /* main.m */ = {isa = PBXFileReference; lastKnownFileType = sourcecode.c.objc; path = main.m; sourceTree = "<group>"; };
		85C552B71DCDC88B00D7FF6C /* SHAppDelegate.h */ = {isa = PBXFileReference; lastKnownFileType = sourcecode.c.h; path = SHAppDelegate.h; sourceTree = "<group>"; };
		85C552B81DCDC88B00D7FF6C /* SHAppDelegate.m */ = {isa = PBXFileReference; lastKnownFileType = sourcecode.c.objc; path = SHAppDelegate.m; sourceTree = "<group>"; };
		85C552C01DCDC88B00D7FF6C /* Assets.xcassets */ = {isa = PBXFileReference; lastKnownFileType = folder.assetcatalog; path = Assets.xcassets; sourceTree = "<group>"; };
		85C552C31DCDC88B00D7FF6C /* Base */ = {isa = PBXFileReference; lastKnownFileType = file.storyboard; name = Base; path = Base.lproj/LaunchScreen.storyboard; sourceTree = "<group>"; };
		85C552C51DCDC88B00D7FF6C /* Info.plist */ = {isa = PBXFileReference; lastKnownFileType = text.plist.xml; path = Info.plist; sourceTree = "<group>"; };
		85C552CA1DCDC88B00D7FF6C /* MVVMTestTests.xctest */ = {isa = PBXFileReference; explicitFileType = wrapper.cfbundle; includeInIndex = 0; path = MVVMTestTests.xctest; sourceTree = BUILT_PRODUCTS_DIR; };
		85C552CE1DCDC88B00D7FF6C /* MVVMTestTests.m */ = {isa = PBXFileReference; lastKnownFileType = sourcecode.c.objc; path = MVVMTestTests.m; sourceTree = "<group>"; };
		85C552D01DCDC88B00D7FF6C /* Info.plist */ = {isa = PBXFileReference; lastKnownFileType = text.plist.xml; path = Info.plist; sourceTree = "<group>"; };
		85C552D51DCDC88B00D7FF6C /* MVVMTestUITests.xctest */ = {isa = PBXFileReference; explicitFileType = wrapper.cfbundle; includeInIndex = 0; path = MVVMTestUITests.xctest; sourceTree = BUILT_PRODUCTS_DIR; };
		85C552D91DCDC88B00D7FF6C /* MVVMTestUITests.m */ = {isa = PBXFileReference; lastKnownFileType = sourcecode.c.objc; path = MVVMTestUITests.m; sourceTree = "<group>"; };
		85C552DB1DCDC88B00D7FF6C /* Info.plist */ = {isa = PBXFileReference; lastKnownFileType = text.plist.xml; path = Info.plist; sourceTree = "<group>"; };
		85C552E81DCDD8B000D7FF6C /* BaseVC.h */ = {isa = PBXFileReference; fileEncoding = 4; lastKnownFileType = sourcecode.c.h; path = BaseVC.h; sourceTree = "<group>"; };
		85C552E91DCDD8B000D7FF6C /* BaseVC.m */ = {isa = PBXFileReference; fileEncoding = 4; lastKnownFileType = sourcecode.c.objc; path = BaseVC.m; sourceTree = "<group>"; };
		85C552EB1DCDD8D300D7FF6C /* MainVC.h */ = {isa = PBXFileReference; fileEncoding = 4; lastKnownFileType = sourcecode.c.h; path = MainVC.h; sourceTree = "<group>"; };
		85C552EC1DCDD8D300D7FF6C /* MainVC.m */ = {isa = PBXFileReference; fileEncoding = 4; lastKnownFileType = sourcecode.c.objc; path = MainVC.m; sourceTree = "<group>"; };
		85C552EF1DCDD96600D7FF6C /* Prefix.h */ = {isa = PBXFileReference; lastKnownFileType = sourcecode.c.h; path = Prefix.h; sourceTree = "<group>"; };
		85DC0D0E1DCDE2BF0044EA0D /* MainViewCell.h */ = {isa = PBXFileReference; fileEncoding = 4; lastKnownFileType = sourcecode.c.h; path = MainViewCell.h; sourceTree = "<group>"; };
		85DC0D0F1DCDE2BF0044EA0D /* MainViewCell.m */ = {isa = PBXFileReference; fileEncoding = 4; lastKnownFileType = sourcecode.c.objc; path = MainViewCell.m; sourceTree = "<group>"; };
		85DC0D121DCDE82C0044EA0D /* MainCellModel.h */ = {isa = PBXFileReference; fileEncoding = 4; lastKnownFileType = sourcecode.c.h; path = MainCellModel.h; sourceTree = "<group>"; };
		85DC0D131DCDE82C0044EA0D /* MainCellModel.m */ = {isa = PBXFileReference; fileEncoding = 4; lastKnownFileType = sourcecode.c.objc; path = MainCellModel.m; sourceTree = "<group>"; };
		85DC0D5A1DD0140B0044EA0D /* MainTableViewDataSource.h */ = {isa = PBXFileReference; fileEncoding = 4; lastKnownFileType = sourcecode.c.h; path = MainTableViewDataSource.h; sourceTree = "<group>"; };
		85DC0D5B1DD0140B0044EA0D /* MainTableViewDataSource.m */ = {isa = PBXFileReference; fileEncoding = 4; lastKnownFileType = sourcecode.c.objc; path = MainTableViewDataSource.m; sourceTree = "<group>"; };
/* End PBXFileReference section */

/* Begin PBXFrameworksBuildPhase section */
		85C552AE1DCDC88B00D7FF6C /* Frameworks */ = {
			isa = PBXFrameworksBuildPhase;
			buildActionMask = 2147483647;
			files = (
				6CF9ADF3B4E53E9FD7DEDD73 /* libPods-MVVMTest.a in Frameworks */,
			);
			runOnlyForDeploymentPostprocessing = 0;
		};
		85C552C71DCDC88B00D7FF6C /* Frameworks */ = {
			isa = PBXFrameworksBuildPhase;
			buildActionMask = 2147483647;
			files = (
			);
			runOnlyForDeploymentPostprocessing = 0;
		};
		85C552D21DCDC88B00D7FF6C /* Frameworks */ = {
			isa = PBXFrameworksBuildPhase;
			buildActionMask = 2147483647;
			files = (
			);
			runOnlyForDeploymentPostprocessing = 0;
		};
/* End PBXFrameworksBuildPhase section */

/* Begin PBXGroup section */
		1B70E7BE1132F72CCEBBA66D /* Frameworks */ = {
			isa = PBXGroup;
			children = (
				199DE8E7D8EC32DD7341E727 /* libPods-MVVMTest.a */,
			);
			name = Frameworks;
			sourceTree = "<group>";
		};
		5001ABFDF67B26A6DFD9E0EE /* Pods */ = {
			isa = PBXGroup;
			children = (
				736249D855DFB87CE34710A2 /* Pods-MVVMTest.debug.xcconfig */,
				4D6C2AC7BD1768917682F767 /* Pods-MVVMTest.release.xcconfig */,
			);
			name = Pods;
			sourceTree = "<group>";
		};
		85C552A81DCDC88B00D7FF6C = {
			isa = PBXGroup;
			children = (
				85C552B31DCDC88B00D7FF6C /* MVVMTest */,
				85C552CD1DCDC88B00D7FF6C /* MVVMTestTests */,
				85C552D81DCDC88B00D7FF6C /* MVVMTestUITests */,
				85C552B21DCDC88B00D7FF6C /* Products */,
				5001ABFDF67B26A6DFD9E0EE /* Pods */,
				1B70E7BE1132F72CCEBBA66D /* Frameworks */,
			);
			sourceTree = "<group>";
		};
		85C552B21DCDC88B00D7FF6C /* Products */ = {
			isa = PBXGroup;
			children = (
				85C552B11DCDC88B00D7FF6C /* MVVMTest.app */,
				85C552CA1DCDC88B00D7FF6C /* MVVMTestTests.xctest */,
				85C552D51DCDC88B00D7FF6C /* MVVMTestUITests.xctest */,
			);
			name = Products;
			sourceTree = "<group>";
		};
		85C552B31DCDC88B00D7FF6C /* MVVMTest */ = {
			isa = PBXGroup;
			children = (
				85DC0D111DCDE8040044EA0D /* Model */,
				85DC0D0C1DCDDD450044EA0D /* viewModel */,
				85DC0D0B1DCDDD2A0044EA0D /* view */,
				85C552EE1DCDD92E00D7FF6C /* Config */,
				85C552E71DCDD83B00D7FF6C /* Controller */,
				85C552B71DCDC88B00D7FF6C /* SHAppDelegate.h */,
				85C552B81DCDC88B00D7FF6C /* SHAppDelegate.m */,
				85C552C01DCDC88B00D7FF6C /* Assets.xcassets */,
				85C552C21DCDC88B00D7FF6C /* LaunchScreen.storyboard */,
				85C552C51DCDC88B00D7FF6C /* Info.plist */,
				85C552B41DCDC88B00D7FF6C /* Supporting Files */,
			);
			path = MVVMTest;
			sourceTree = "<group>";
		};
		85C552B41DCDC88B00D7FF6C /* Supporting Files */ = {
			isa = PBXGroup;
			children = (
				85C552B51DCDC88B00D7FF6C /* main.m */,
			);
			name = "Supporting Files";
			sourceTree = "<group>";
		};
		85C552CD1DCDC88B00D7FF6C /* MVVMTestTests */ = {
			isa = PBXGroup;
			children = (
				85C552CE1DCDC88B00D7FF6C /* MVVMTestTests.m */,
				85C552D01DCDC88B00D7FF6C /* Info.plist */,
			);
			path = MVVMTestTests;
			sourceTree = "<group>";
		};
		85C552D81DCDC88B00D7FF6C /* MVVMTestUITests */ = {
			isa = PBXGroup;
			children = (
				85C552D91DCDC88B00D7FF6C /* MVVMTestUITests.m */,
				85C552DB1DCDC88B00D7FF6C /* Info.plist */,
			);
			path = MVVMTestUITests;
			sourceTree = "<group>";
		};
		85C552E71DCDD83B00D7FF6C /* Controller */ = {
			isa = PBXGroup;
			children = (
				85C552E81DCDD8B000D7FF6C /* BaseVC.h */,
				85C552E91DCDD8B000D7FF6C /* BaseVC.m */,
				85C552EB1DCDD8D300D7FF6C /* MainVC.h */,
				85C552EC1DCDD8D300D7FF6C /* MainVC.m */,
			);
			path = Controller;
			sourceTree = "<group>";
		};
		85C552EE1DCDD92E00D7FF6C /* Config */ = {
			isa = PBXGroup;
			children = (
				85C552EF1DCDD96600D7FF6C /* Prefix.h */,
			);
			path = Config;
			sourceTree = "<group>";
		};
		85DC0D0B1DCDDD2A0044EA0D /* view */ = {
			isa = PBXGroup;
			children = (
				85DC0D0E1DCDE2BF0044EA0D /* MainViewCell.h */,
				85DC0D0F1DCDE2BF0044EA0D /* MainViewCell.m */,
			);
			path = view;
			sourceTree = "<group>";
		};
		85DC0D0C1DCDDD450044EA0D /* viewModel */ = {
			isa = PBXGroup;
			children = (
				85DC0D5A1DD0140B0044EA0D /* MainTableViewDataSource.h */,
				85DC0D5B1DD0140B0044EA0D /* MainTableViewDataSource.m */,
			);
			path = viewModel;
			sourceTree = "<group>";
		};
		85DC0D111DCDE8040044EA0D /* Model */ = {
			isa = PBXGroup;
			children = (
				85DC0D121DCDE82C0044EA0D /* MainCellModel.h */,
				85DC0D131DCDE82C0044EA0D /* MainCellModel.m */,
			);
			path = Model;
			sourceTree = "<group>";
		};
/* End PBXGroup section */

/* Begin PBXNativeTarget section */
		85C552B01DCDC88B00D7FF6C /* MVVMTest */ = {
			isa = PBXNativeTarget;
			buildConfigurationList = 85C552DE1DCDC88B00D7FF6C /* Build configuration list for PBXNativeTarget "MVVMTest" */;
			buildPhases = (
				305EEB1C53BF0C402EE5A2B3 /* [CP] Check Pods Manifest.lock */,
				85C552AD1DCDC88B00D7FF6C /* Sources */,
				85C552AE1DCDC88B00D7FF6C /* Frameworks */,
				85C552AF1DCDC88B00D7FF6C /* Resources */,
				D196E245649204CD3D20DEBE /* [CP] Embed Pods Frameworks */,
				57DB68020F86571C7743E904 /* [CP] Copy Pods Resources */,
			);
			buildRules = (
			);
			dependencies = (
			);
			name = MVVMTest;
			productName = MVVMTest;
			productReference = 85C552B11DCDC88B00D7FF6C /* MVVMTest.app */;
			productType = "com.apple.product-type.application";
		};
		85C552C91DCDC88B00D7FF6C /* MVVMTestTests */ = {
			isa = PBXNativeTarget;
			buildConfigurationList = 85C552E11DCDC88B00D7FF6C /* Build configuration list for PBXNativeTarget "MVVMTestTests" */;
			buildPhases = (
				85C552C61DCDC88B00D7FF6C /* Sources */,
				85C552C71DCDC88B00D7FF6C /* Frameworks */,
				85C552C81DCDC88B00D7FF6C /* Resources */,
			);
			buildRules = (
			);
			dependencies = (
				85C552CC1DCDC88B00D7FF6C /* PBXTargetDependency */,
			);
			name = MVVMTestTests;
			productName = MVVMTestTests;
			productReference = 85C552CA1DCDC88B00D7FF6C /* MVVMTestTests.xctest */;
			productType = "com.apple.product-type.bundle.unit-test";
		};
		85C552D41DCDC88B00D7FF6C /* MVVMTestUITests */ = {
			isa = PBXNativeTarget;
			buildConfigurationList = 85C552E41DCDC88B00D7FF6C /* Build configuration list for PBXNativeTarget "MVVMTestUITests" */;
			buildPhases = (
				85C552D11DCDC88B00D7FF6C /* Sources */,
				85C552D21DCDC88B00D7FF6C /* Frameworks */,
				85C552D31DCDC88B00D7FF6C /* Resources */,
			);
			buildRules = (
			);
			dependencies = (
				85C552D71DCDC88B00D7FF6C /* PBXTargetDependency */,
			);
			name = MVVMTestUITests;
			productName = MVVMTestUITests;
			productReference = 85C552D51DCDC88B00D7FF6C /* MVVMTestUITests.xctest */;
			productType = "com.apple.product-type.bundle.ui-testing";
		};
/* End PBXNativeTarget section */

/* Begin PBXProject section */
		85C552A91DCDC88B00D7FF6C /* Project object */ = {
			isa = PBXProject;
			attributes = {
				LastUpgradeCheck = 0800;
				ORGANIZATIONNAME = jacky;
				TargetAttributes = {
					85C552B01DCDC88B00D7FF6C = {
						CreatedOnToolsVersion = 8.0;
						DevelopmentTeam = L9ALLF39KA;
						ProvisioningStyle = Automatic;
					};
					85C552C91DCDC88B00D7FF6C = {
						CreatedOnToolsVersion = 8.0;
						DevelopmentTeam = L9ALLF39KA;
						ProvisioningStyle = Automatic;
						TestTargetID = 85C552B01DCDC88B00D7FF6C;
					};
					85C552D41DCDC88B00D7FF6C = {
						CreatedOnToolsVersion = 8.0;
						DevelopmentTeam = L9ALLF39KA;
						ProvisioningStyle = Automatic;
						TestTargetID = 85C552B01DCDC88B00D7FF6C;
					};
				};
			};
			buildConfigurationList = 85C552AC1DCDC88B00D7FF6C /* Build configuration list for PBXProject "MVVMTest" */;
			compatibilityVersion = "Xcode 3.2";
			developmentRegion = English;
			hasScannedForEncodings = 0;
			knownRegions = (
				en,
				Base,
			);
			mainGroup = 85C552A81DCDC88B00D7FF6C;
			productRefGroup = 85C552B21DCDC88B00D7FF6C /* Products */;
			projectDirPath = "";
			projectRoot = "";
			targets = (
				85C552B01DCDC88B00D7FF6C /* MVVMTest */,
				85C552C91DCDC88B00D7FF6C /* MVVMTestTests */,
				85C552D41DCDC88B00D7FF6C /* MVVMTestUITests */,
			);
		};
/* End PBXProject section */

/* Begin PBXResourcesBuildPhase section */
		85C552AF1DCDC88B00D7FF6C /* Resources */ = {
			isa = PBXResourcesBuildPhase;
			buildActionMask = 2147483647;
			files = (
				85C552C41DCDC88B00D7FF6C /* LaunchScreen.storyboard in Resources */,
				85C552C11DCDC88B00D7FF6C /* Assets.xcassets in Resources */,
			);
			runOnlyForDeploymentPostprocessing = 0;
		};
		85C552C81DCDC88B00D7FF6C /* Resources */ = {
			isa = PBXResourcesBuildPhase;
			buildActionMask = 2147483647;
			files = (
			);
			runOnlyForDeploymentPostprocessing = 0;
		};
		85C552D31DCDC88B00D7FF6C /* Resources */ = {
			isa = PBXResourcesBuildPhase;
			buildActionMask = 2147483647;
			files = (
			);
			runOnlyForDeploymentPostprocessing = 0;
		};
/* End PBXResourcesBuildPhase section */

/* Begin PBXShellScriptBuildPhase section */
		305EEB1C53BF0C402EE5A2B3 /* [CP] Check Pods Manifest.lock */ = {
			isa = PBXShellScriptBuildPhase;
			buildActionMask = 2147483647;
			files = (
			);
			inputPaths = (
			);
			name = "[CP] Check Pods Manifest.lock";
			outputPaths = (
			);
			runOnlyForDeploymentPostprocessing = 0;
			shellPath = /bin/sh;
			shellScript = "diff \"${PODS_ROOT}/../Podfile.lock\" \"${PODS_ROOT}/Manifest.lock\" > /dev/null\nif [ $? != 0 ] ; then\n    # print error to STDERR\n    echo \"error: The sandbox is not in sync with the Podfile.lock. Run 'pod install' or update your CocoaPods installation.\" >&2\n    exit 1\nfi\n";
			showEnvVarsInLog = 0;
		};
		57DB68020F86571C7743E904 /* [CP] Copy Pods Resources */ = {
			isa = PBXShellScriptBuildPhase;
			buildActionMask = 2147483647;
			files = (
			);
			inputPaths = (
			);
			name = "[CP] Copy Pods Resources";
			outputPaths = (
			);
			runOnlyForDeploymentPostprocessing = 0;
			shellPath = /bin/sh;
			shellScript = "\"${SRCROOT}/Pods/Target Support Files/Pods-MVVMTest/Pods-MVVMTest-resources.sh\"\n";
			showEnvVarsInLog = 0;
		};
		D196E245649204CD3D20DEBE /* [CP] Embed Pods Frameworks */ = {
			isa = PBXShellScriptBuildPhase;
			buildActionMask = 2147483647;
			files = (
			);
			inputPaths = (
			);
			name = "[CP] Embed Pods Frameworks";
			outputPaths = (
			);
			runOnlyForDeploymentPostprocessing = 0;
			shellPath = /bin/sh;
			shellScript = "\"${SRCROOT}/Pods/Target Support Files/Pods-MVVMTest/Pods-MVVMTest-frameworks.sh\"\n";
			showEnvVarsInLog = 0;
		};
/* End PBXShellScriptBuildPhase section */

/* Begin PBXSourcesBuildPhase section */
		85C552AD1DCDC88B00D7FF6C /* Sources */ = {
			isa = PBXSourcesBuildPhase;
			buildActionMask = 2147483647;
			files = (
				85C552B91DCDC88B00D7FF6C /* SHAppDelegate.m in Sources */,
				85DC0D5C1DD0140B0044EA0D /* MainTableViewDataSource.m in Sources */,
				85C552B61DCDC88B00D7FF6C /* main.m in Sources */,
				85DC0D141DCDE82C0044EA0D /* MainCellModel.m in Sources */,
				85C552ED1DCDD8D300D7FF6C /* MainVC.m in Sources */,
				85DC0D101DCDE2BF0044EA0D /* MainViewCell.m in Sources */,
				85C552EA1DCDD8B000D7FF6C /* BaseVC.m in Sources */,
			);
			runOnlyForDeploymentPostprocessing = 0;
		};
		85C552C61DCDC88B00D7FF6C /* Sources */ = {
			isa = PBXSourcesBuildPhase;
			buildActionMask = 2147483647;
			files = (
				85C552CF1DCDC88B00D7FF6C /* MVVMTestTests.m in Sources */,
			);
			runOnlyForDeploymentPostprocessing = 0;
		};
		85C552D11DCDC88B00D7FF6C /* Sources */ = {
			isa = PBXSourcesBuildPhase;
			buildActionMask = 2147483647;
			files = (
				85C552DA1DCDC88B00D7FF6C /* MVVMTestUITests.m in Sources */,
			);
			runOnlyForDeploymentPostprocessing = 0;
		};
/* End PBXSourcesBuildPhase section */

/* Begin PBXTargetDependency section */
		85C552CC1DCDC88B00D7FF6C /* PBXTargetDependency */ = {
			isa = PBXTargetDependency;
			target = 85C552B01DCDC88B00D7FF6C /* MVVMTest */;
			targetProxy = 85C552CB1DCDC88B00D7FF6C /* PBXContainerItemProxy */;
		};
		85C552D71DCDC88B00D7FF6C /* PBXTargetDependency */ = {
			isa = PBXTargetDependency;
			target = 85C552B01DCDC88B00D7FF6C /* MVVMTest */;
			targetProxy = 85C552D61DCDC88B00D7FF6C /* PBXContainerItemProxy */;
		};
/* End PBXTargetDependency section */

/* Begin PBXVariantGroup section */
		85C552C21DCDC88B00D7FF6C /* LaunchScreen.storyboard */ = {
			isa = PBXVariantGroup;
			children = (
				85C552C31DCDC88B00D7FF6C /* Base */,
			);
			name = LaunchScreen.storyboard;
			sourceTree = "<group>";
		};
/* End PBXVariantGroup section */

/* Begin XCBuildConfiguration section */
		85C552DC1DCDC88B00D7FF6C /* Debug */ = {
			isa = XCBuildConfiguration;
			buildSettings = {
				ALWAYS_SEARCH_USER_PATHS = NO;
				CLANG_ANALYZER_NONNULL = YES;
				CLANG_CXX_LANGUAGE_STANDARD = "gnu++0x";
				CLANG_CXX_LIBRARY = "libc++";
				CLANG_ENABLE_MODULES = YES;
				CLANG_ENABLE_OBJC_ARC = YES;
				CLANG_WARN_BOOL_CONVERSION = YES;
				CLANG_WARN_CONSTANT_CONVERSION = YES;
				CLANG_WARN_DIRECT_OBJC_ISA_USAGE = YES_ERROR;
				CLANG_WARN_DOCUMENTATION_COMMENTS = YES;
				CLANG_WARN_EMPTY_BODY = YES;
				CLANG_WARN_ENUM_CONVERSION = YES;
				CLANG_WARN_INFINITE_RECURSION = YES;
				CLANG_WARN_INT_CONVERSION = YES;
				CLANG_WARN_OBJC_ROOT_CLASS = YES_ERROR;
				CLANG_WARN_SUSPICIOUS_MOVES = YES;
				CLANG_WARN_UNREACHABLE_CODE = YES;
				CLANG_WARN__DUPLICATE_METHOD_MATCH = YES;
				"CODE_SIGN_IDENTITY[sdk=iphoneos*]" = "iPhone Developer";
				COPY_PHASE_STRIP = NO;
				DEBUG_INFORMATION_FORMAT = dwarf;
				ENABLE_STRICT_OBJC_MSGSEND = YES;
				ENABLE_TESTABILITY = YES;
				GCC_C_LANGUAGE_STANDARD = gnu99;
				GCC_DYNAMIC_NO_PIC = NO;
				GCC_NO_COMMON_BLOCKS = YES;
				GCC_OPTIMIZATION_LEVEL = 0;
				GCC_PREPROCESSOR_DEFINITIONS = (
					"DEBUG=1",
					"$(inherited)",
				);
				GCC_WARN_64_TO_32_BIT_CONVERSION = YES;
				GCC_WARN_ABOUT_RETURN_TYPE = YES_ERROR;
				GCC_WARN_UNDECLARED_SELECTOR = YES;
				GCC_WARN_UNINITIALIZED_AUTOS = YES_AGGRESSIVE;
				GCC_WARN_UNUSED_FUNCTION = YES;
				GCC_WARN_UNUSED_VARIABLE = YES;
				IPHONEOS_DEPLOYMENT_TARGET = 10.0;
				MTL_ENABLE_DEBUG_INFO = YES;
				ONLY_ACTIVE_ARCH = YES;
				SDKROOT = iphoneos;
			};
			name = Debug;
		};
		85C552DD1DCDC88B00D7FF6C /* Release */ = {
			isa = XCBuildConfiguration;
			buildSettings = {
				ALWAYS_SEARCH_USER_PATHS = NO;
				CLANG_ANALYZER_NONNULL = YES;
				CLANG_CXX_LANGUAGE_STANDARD = "gnu++0x";
				CLANG_CXX_LIBRARY = "libc++";
				CLANG_ENABLE_MODULES = YES;
				CLANG_ENABLE_OBJC_ARC = YES;
				CLANG_WARN_BOOL_CONVERSION = YES;
				CLANG_WARN_CONSTANT_CONVERSION = YES;
				CLANG_WARN_DIRECT_OBJC_ISA_USAGE = YES_ERROR;
				CLANG_WARN_DOCUMENTATION_COMMENTS = YES;
				CLANG_WARN_EMPTY_BODY = YES;
				CLANG_WARN_ENUM_CONVERSION = YES;
				CLANG_WARN_INFINITE_RECURSION = YES;
				CLANG_WARN_INT_CONVERSION = YES;
				CLANG_WARN_OBJC_ROOT_CLASS = YES_ERROR;
				CLANG_WARN_SUSPICIOUS_MOVES = YES;
				CLANG_WARN_UNREACHABLE_CODE = YES;
				CLANG_WARN__DUPLICATE_METHOD_MATCH = YES;
				"CODE_SIGN_IDENTITY[sdk=iphoneos*]" = "iPhone Developer";
				COPY_PHASE_STRIP = NO;
				DEBUG_INFORMATION_FORMAT = "dwarf-with-dsym";
				ENABLE_NS_ASSERTIONS = NO;
				ENABLE_STRICT_OBJC_MSGSEND = YES;
				GCC_C_LANGUAGE_STANDARD = gnu99;
				GCC_NO_COMMON_BLOCKS = YES;
				GCC_WARN_64_TO_32_BIT_CONVERSION = YES;
				GCC_WARN_ABOUT_RETURN_TYPE = YES_ERROR;
				GCC_WARN_UNDECLARED_SELECTOR = YES;
				GCC_WARN_UNINITIALIZED_AUTOS = YES_AGGRESSIVE;
				GCC_WARN_UNUSED_FUNCTION = YES;
				GCC_WARN_UNUSED_VARIABLE = YES;
				IPHONEOS_DEPLOYMENT_TARGET = 10.0;
				MTL_ENABLE_DEBUG_INFO = NO;
				SDKROOT = iphoneos;
				VALIDATE_PRODUCT = YES;
			};
			name = Release;
		};
		85C552DF1DCDC88B00D7FF6C /* Debug */ = {
			isa = XCBuildConfiguration;
			baseConfigurationReference = 736249D855DFB87CE34710A2 /* Pods-MVVMTest.debug.xcconfig */;
			buildSettings = {
				ASSETCATALOG_COMPILER_APPICON_NAME = AppIcon;
				DEVELOPMENT_TEAM = L9ALLF39KA;
				GCC_PREFIX_HEADER = /Users/apple/Documents/LearningiOSDemo/MVVM/MVVMTest/MVVMTest/Config/Prefix.h;
				INFOPLIST_FILE = MVVMTest/Info.plist;
				LD_RUNPATH_SEARCH_PATHS = "$(inherited) @executable_path/Frameworks";
				PRODUCT_BUNDLE_IDENTIFIER = com.Jacky.MVVMTest;
				PRODUCT_NAME = "$(TARGET_NAME)";
			};
			name = Debug;
		};
		85C552E01DCDC88B00D7FF6C /* Release */ = {
			isa = XCBuildConfiguration;
			baseConfigurationReference = 4D6C2AC7BD1768917682F767 /* Pods-MVVMTest.release.xcconfig */;
			buildSettings = {
				ASSETCATALOG_COMPILER_APPICON_NAME = AppIcon;
				DEVELOPMENT_TEAM = L9ALLF39KA;
				GCC_PREFIX_HEADER = /Users/apple/Documents/LearningiOSDemo/MVVM/MVVMTest/MVVMTest/Config/Prefix.h;
				INFOPLIST_FILE = MVVMTest/Info.plist;
				LD_RUNPATH_SEARCH_PATHS = "$(inherited) @executable_path/Frameworks";
				PRODUCT_BUNDLE_IDENTIFIER = com.Jacky.MVVMTest;
				PRODUCT_NAME = "$(TARGET_NAME)";
			};
			name = Release;
		};
		85C552E21DCDC88B00D7FF6C /* Debug */ = {
			isa = XCBuildConfiguration;
			buildSettings = {
				BUNDLE_LOADER = "$(TEST_HOST)";
				DEVELOPMENT_TEAM = L9ALLF39KA;
				INFOPLIST_FILE = MVVMTestTests/Info.plist;
				LD_RUNPATH_SEARCH_PATHS = "$(inherited) @executable_path/Frameworks @loader_path/Frameworks";
				PRODUCT_BUNDLE_IDENTIFIER = com.Jacky.MVVMTestTests;
				PRODUCT_NAME = "$(TARGET_NAME)";
				TEST_HOST = "$(BUILT_PRODUCTS_DIR)/MVVMTest.app/MVVMTest";
			};
			name = Debug;
		};
		85C552E31DCDC88B00D7FF6C /* Release */ = {
			isa = XCBuildConfiguration;
			buildSettings = {
				BUNDLE_LOADER = "$(TEST_HOST)";
				DEVELOPMENT_TEAM = L9ALLF39KA;
				INFOPLIST_FILE = MVVMTestTests/Info.plist;
				LD_RUNPATH_SEARCH_PATHS = "$(inherited) @executable_path/Frameworks @loader_path/Frameworks";
				PRODUCT_BUNDLE_IDENTIFIER = com.Jacky.MVVMTestTests;
				PRODUCT_NAME = "$(TARGET_NAME)";
				TEST_HOST = "$(BUILT_PRODUCTS_DIR)/MVVMTest.app/MVVMTest";
			};
			name = Release;
		};
		85C552E51DCDC88B00D7FF6C /* Debug */ = {
			isa = XCBuildConfiguration;
			buildSettings = {
				DEVELOPMENT_TEAM = L9ALLF39KA;
				INFOPLIST_FILE = MVVMTestUITests/Info.plist;
				LD_RUNPATH_SEARCH_PATHS = "$(inherited) @executable_path/Frameworks @loader_path/Frameworks";
				PRODUCT_BUNDLE_IDENTIFIER = com.Jacky.MVVMTestUITests;
				PRODUCT_NAME = "$(TARGET_NAME)";
				TEST_TARGET_NAME = MVVMTest;
			};
			name = Debug;
		};
		85C552E61DCDC88B00D7FF6C /* Release */ = {
			isa = XCBuildConfiguration;
			buildSettings = {
				DEVELOPMENT_TEAM = L9ALLF39KA;
				INFOPLIST_FILE = MVVMTestUITests/Info.plist;
				LD_RUNPATH_SEARCH_PATHS = "$(inherited) @executable_path/Frameworks @loader_path/Frameworks";
				PRODUCT_BUNDLE_IDENTIFIER = com.Jacky.MVVMTestUITests;
				PRODUCT_NAME = "$(TARGET_NAME)";
				TEST_TARGET_NAME = MVVMTest;
			};
			name = Release;
		};
/* End XCBuildConfiguration section */

/* Begin XCConfigurationList section */
		85C552AC1DCDC88B00D7FF6C /* Build configuration list for PBXProject "MVVMTest" */ = {
			isa = XCConfigurationList;
			buildConfigurations = (
				85C552DC1DCDC88B00D7FF6C /* Debug */,
				85C552DD1DCDC88B00D7FF6C /* Release */,
			);
			defaultConfigurationIsVisible = 0;
			defaultConfigurationName = Release;
		};
		85C552DE1DCDC88B00D7FF6C /* Build configuration list for PBXNativeTarget "MVVMTest" */ = {
			isa = XCConfigurationList;
			buildConfigurations = (
				85C552DF1DCDC88B00D7FF6C /* Debug */,
				85C552E01DCDC88B00D7FF6C /* Release */,
			);
			defaultConfigurationIsVisible = 0;
			defaultConfigurationName = Release;
		};
		85C552E11DCDC88B00D7FF6C /* Build configuration list for PBXNativeTarget "MVVMTestTests" */ = {
			isa = XCConfigurationList;
			buildConfigurations = (
				85C552E21DCDC88B00D7FF6C /* Debug */,
				85C552E31DCDC88B00D7FF6C /* Release */,
			);
			defaultConfigurationIsVisible = 0;
			defaultConfigurationName = Release;
		};
		85C552E41DCDC88B00D7FF6C /* Build configuration list for PBXNativeTarget "MVVMTestUITests" */ = {
			isa = XCConfigurationList;
			buildConfigurations = (
				85C552E51DCDC88B00D7FF6C /* Debug */,
				85C552E61DCDC88B00D7FF6C /* Release */,
			);
			defaultConfigurationIsVisible = 0;
			defaultConfigurationName = Release;
		};
/* End XCConfigurationList section */
	};
	rootObject = 85C552A91DCDC88B00D7FF6C /* Project object */;
}
